{
  "name": "GraphScriptLang-stdlib",
  "version": "0.1.0",
  "lockfileVersion": 2,
  "requires": true,
  "packages": {
    "": {
      "name": "GraphScriptLang-stdlib",
      "version": "0.1.0",
      "license": "MIT",
      "dependencies": {
        "GraphScriptLang-core": "file:../core"
      }
    },
    "../core": {
      "version": "0.1.0",
      "license": "MIT"
    },
    "node_modules/GraphScriptLang-core": {
      "resolved": "../core",
      "link": true
    }
  },
  "dependencies": {
    "GraphScriptLang-core": {
      "version": "file:../core"
    }
  }
}
